
Microsoft Visual Studio Solution File, Format Version 12.00
# Visual Studio 14
VisualStudioVersion = 14.0.25420.1
MinimumVisualStudioVersion = 10.0.40219.1
Project("{FAE04EC0-301F-11D3-BF4B-00C04F79EFBC}") = "HostellerAPI", "HostellerAPI\HostellerAPI.csproj", "{BBB4C4AB-B11C-47A2-87CC-7F0DFCC18DAD}"
EndProject
Project("{FAE04EC0-301F-11D3-BF4B-00C04F79EFBC}") = "BusinessLogic", "BusinessLogic\BusinessLogic.csproj", "{16EDB4B4-FCF1-4331-8E27-8DE6796081E3}"
EndProject
Project("{FAE04EC0-301F-11D3-BF4B-00C04F79EFBC}") = "BusinessData", "BusinessData\BusinessData.csproj", "{98B8E0E5-467F-4059-9F52-F92236DCF779}"
EndProject
Project("{FAE04EC0-301F-11D3-BF4B-00C04F79EFBC}") = "KI.RIS.DALHelper", "..\..\DALHelper-master\KI.RIS.DALHelper.csproj", "{43D72E1E-BB99-4836-8AE9-EFDEB3B75C41}"
EndProject
Project("{FAE04EC0-301F-11D3-BF4B-00C04F79EFBC}") = "Modals", "Modals\Modals.csproj", "{64BC4CE3-FC2E-4077-869C-3B6773F5E613}"
EndProject
Project("{FAE04EC0-301F-11D3-BF4B-00C04F79EFBC}") = "CommonLib", "CommonLib\CommonLib.csproj", "{34F095A4-33DD-4F56-9CBF-50E9484718C5}"
EndProject
Global
	GlobalSection(SolutionConfigurationPlatforms) = preSolution
		Debug|Any CPU = Debug|Any CPU
		Release|Any CPU = Release|Any CPU
	EndGlobalSection
	GlobalSection(ProjectConfigurationPlatforms) = postSolution
		{BBB4C4AB-B11C-47A2-87CC-7F0DFCC18DAD}.Debug|Any CPU.ActiveCfg = Debug|Any CPU
		{BBB4C4AB-B11C-47A2-87CC-7F0DFCC18DAD}.Debug|Any CPU.Build.0 = Debug|Any CPU
		{BBB4C4AB-B11C-47A2-87CC-7F0DFCC18DAD}.Release|Any CPU.ActiveCfg = Release|Any CPU
		{BBB4C4AB-B11C-47A2-87CC-7F0DFCC18DAD}.Release|Any CPU.Build.0 = Release|Any CPU
		{16EDB4B4-FCF1-4331-8E27-8DE6796081E3}.Debug|Any CPU.ActiveCfg = Debug|Any CPU
		{16EDB4B4-FCF1-4331-8E27-8DE6796081E3}.Debug|Any CPU.Build.0 = Debug|Any CPU
		{16EDB4B4-FCF1-4331-8E27-8DE6796081E3}.Release|Any CPU.ActiveCfg = Release|Any CPU
		{16EDB4B4-FCF1-4331-8E27-8DE6796081E3}.Release|Any CPU.Build.0 = Release|Any CPU
		{98B8E0E5-467F-4059-9F52-F92236DCF779}.Debug|Any CPU.ActiveCfg = Debug|Any CPU
		{98B8E0E5-467F-4059-9F52-F92236DCF779}.Debug|Any CPU.Build.0 = Debug|Any CPU
		{98B8E0E5-467F-4059-9F52-F92236DCF779}.Release|Any CPU.ActiveCfg = Release|Any CPU
		{98B8E0E5-467F-4059-9F52-F92236DCF779}.Release|Any CPU.Build.0 = Release|Any CPU
		{43D72E1E-BB99-4836-8AE9-EFDEB3B75C41}.Debug|Any CPU.ActiveCfg = Debug|Any CPU
		{43D72E1E-BB99-4836-8AE9-EFDEB3B75C41}.Debug|Any CPU.Build.0 = Debug|Any CPU
		{43D72E1E-BB99-4836-8AE9-EFDEB3B75C41}.Release|Any CPU.ActiveCfg = Release|Any CPU
		{43D72E1E-BB99-4836-8AE9-EFDEB3B75C41}.Release|Any CPU.Build.0 = Release|Any CPU
		{64BC4CE3-FC2E-4077-869C-3B6773F5E613}.Debug|Any CPU.ActiveCfg = Debug|Any CPU
		{64BC4CE3-FC2E-4077-869C-3B6773F5E613}.Debug|Any CPU.Build.0 = Debug|Any CPU
		{64BC4CE3-FC2E-4077-869C-3B6773F5E613}.Release|Any CPU.ActiveCfg = Release|Any CPU
		{64BC4CE3-FC2E-4077-869C-3B6773F5E613}.Release|Any CPU.Build.0 = Release|Any CPU
		{34F095A4-33DD-4F56-9CBF-50E9484718C5}.Debug|Any CPU.ActiveCfg = Debug|Any CPU
		{34F095A4-33DD-4F56-9CBF-50E9484718C5}.Debug|Any CPU.Build.0 = Debug|Any CPU
		{34F095A4-33DD-4F56-9CBF-50E9484718C5}.Release|Any CPU.ActiveCfg = Release|Any CPU
		{34F095A4-33DD-4F56-9CBF-50E9484718C5}.Release|Any CPU.Build.0 = Release|Any CPU
	EndGlobalSection
	GlobalSection(SolutionProperties) = preSolution
		HideSolutionNode = FALSE
	EndGlobalSection
EndGlobal
